
Microsoft Visual Studio Solution File, Format Version 12.00
# Visual Studio Version 16
VisualStudioVersion = 16.0.29209.152
MinimumVisualStudioVersion = 10.0.40219.1
Project("{FAE04EC0-301F-11D3-BF4B-00C04F79EFBC}") = "MCGalaxy_", "MCGalaxy\MCGalaxy_.csproj", "{C9AF278C-841C-47AB-A995-B7A2A27DF10C}"
EndProject
Project("{FAE04EC0-301F-11D3-BF4B-00C04F79EFBC}") = "MCGalaxyCLI", "CLI\MCGalaxyCLI.csproj", "{AF4C6739-C863-442D-ADED-DCE7B1920E22}"
EndProject
Global
	GlobalSection(SolutionConfigurationPlatforms) = preSolution
		Debug|Any CPU = Debug|Any CPU
		Release|Any CPU = Release|Any CPU
	EndGlobalSection
	GlobalSection(ProjectConfigurationPlatforms) = postSolution
		{C9AF278C-841C-47AB-A995-B7A2A27DF10C}.Debug|Any CPU.ActiveCfg = Debug|Any CPU
		{C9AF278C-841C-47AB-A995-B7A2A27DF10C}.Debug|Any CPU.Build.0 = Debug|Any CPU
		{C9AF278C-841C-47AB-A995-B7A2A27DF10C}.Release|Any CPU.ActiveCfg = Release|Any CPU
		{C9AF278C-841C-47AB-A995-B7A2A27DF10C}.Release|Any CPU.Build.0 = Release|Any CPU
		{AF4C6739-C863-442D-ADED-DCE7B1920E22}.Debug|Any CPU.ActiveCfg = Debug|Any CPU
		{AF4C6739-C863-442D-ADED-DCE7B1920E22}.Debug|Any CPU.Build.0 = Debug|Any CPU
		{AF4C6739-C863-442D-ADED-DCE7B1920E22}.Release|Any CPU.ActiveCfg = Release|Any CPU
		{AF4C6739-C863-442D-ADED-DCE7B1920E22}.Release|Any CPU.Build.0 = Release|Any CPU
	EndGlobalSection
	GlobalSection(SolutionProperties) = preSolution
		HideSolutionNode = FALSE
	EndGlobalSection
	GlobalSection(ExtensibilityGlobals) = postSolution
		SolutionGuid = {6B9F0713-2350-4946-B9B8-CF0B5385E62B}
	EndGlobalSection
EndGlobal
